
Microsoft Visual Studio Solution File, Format Version 12.00
# Visual Studio Version 17
VisualStudioVersion = 17.10.34928.147
MinimumVisualStudioVersion = 10.0.40219.1
Project("{FAE04EC0-301F-11D3-BF4B-00C04F79EFBC}") = "StepCounter.API", "StepCounter.API\StepCounter.API.csproj", "{9A0D1DF5-BA8E-462C-9696-B857D86728D9}"
EndProject
Project("{FAE04EC0-301F-11D3-BF4B-00C04F79EFBC}") = "FitnessSolution.Data", "FitnessSolution.Data\FitnessSolution.Data.csproj", "{0950E42F-31A1-433F-9814-2D71199B1A86}"
EndProject
Project("{FAE04EC0-301F-11D3-BF4B-00C04F79EFBC}") = "FitnessSolution.Services", "FitnessSolution.Services\FitnessSolution.Services.csproj", "{65E7D015-3FB1-4ACD-AE40-5B0CF9AA01DA}"
EndProject
Project("{FAE04EC0-301F-11D3-BF4B-00C04F79EFBC}") = "FitnessSolution.Infrastructure", "FitnessSolution.Infrastructure\FitnessSolution.Infrastructure.csproj", "{BEC290E8-4EDC-4173-B5AB-72D6A1CE977F}"
EndProject
Global
	GlobalSection(SolutionConfigurationPlatforms) = preSolution
		Debug|Any CPU = Debug|Any CPU
		Release|Any CPU = Release|Any CPU
	EndGlobalSection
	GlobalSection(ProjectConfigurationPlatforms) = postSolution
		{9A0D1DF5-BA8E-462C-9696-B857D86728D9}.Debug|Any CPU.ActiveCfg = Debug|Any CPU
		{9A0D1DF5-BA8E-462C-9696-B857D86728D9}.Debug|Any CPU.Build.0 = Debug|Any CPU
		{9A0D1DF5-BA8E-462C-9696-B857D86728D9}.Release|Any CPU.ActiveCfg = Release|Any CPU
		{9A0D1DF5-BA8E-462C-9696-B857D86728D9}.Release|Any CPU.Build.0 = Release|Any CPU
		{0950E42F-31A1-433F-9814-2D71199B1A86}.Debug|Any CPU.ActiveCfg = Debug|Any CPU
		{0950E42F-31A1-433F-9814-2D71199B1A86}.Debug|Any CPU.Build.0 = Debug|Any CPU
		{0950E42F-31A1-433F-9814-2D71199B1A86}.Release|Any CPU.ActiveCfg = Release|Any CPU
		{0950E42F-31A1-433F-9814-2D71199B1A86}.Release|Any CPU.Build.0 = Release|Any CPU
		{65E7D015-3FB1-4ACD-AE40-5B0CF9AA01DA}.Debug|Any CPU.ActiveCfg = Debug|Any CPU
		{65E7D015-3FB1-4ACD-AE40-5B0CF9AA01DA}.Debug|Any CPU.Build.0 = Debug|Any CPU
		{65E7D015-3FB1-4ACD-AE40-5B0CF9AA01DA}.Release|Any CPU.ActiveCfg = Release|Any CPU
		{65E7D015-3FB1-4ACD-AE40-5B0CF9AA01DA}.Release|Any CPU.Build.0 = Release|Any CPU
		{BEC290E8-4EDC-4173-B5AB-72D6A1CE977F}.Debug|Any CPU.ActiveCfg = Debug|Any CPU
		{BEC290E8-4EDC-4173-B5AB-72D6A1CE977F}.Debug|Any CPU.Build.0 = Debug|Any CPU
		{BEC290E8-4EDC-4173-B5AB-72D6A1CE977F}.Release|Any CPU.ActiveCfg = Release|Any CPU
		{BEC290E8-4EDC-4173-B5AB-72D6A1CE977F}.Release|Any CPU.Build.0 = Release|Any CPU
	EndGlobalSection
	GlobalSection(SolutionProperties) = preSolution
		HideSolutionNode = FALSE
	EndGlobalSection
	GlobalSection(ExtensibilityGlobals) = postSolution
		SolutionGuid = {8E8FD298-B329-4AD9-A178-4BE9714F7848}
	EndGlobalSection
EndGlobal
